// !$*UTF8*$!
{
	archiveVersion = 1;
	classes = {
	};
	objectVersion = 56;
	objects = {

/* Begin PBXBuildFile section */
		2347C5692913780C00EB6E4F /* StatusBoxSwiftUIApp.swift in Sources */ = {isa = PBXBuildFile; fileRef = 2347C5682913780C00EB6E4F /* StatusBoxSwiftUIApp.swift */; };
		2347C56B2913780C00EB6E4F /* RootView.swift in Sources */ = {isa = PBXBuildFile; fileRef = 2347C56A2913780C00EB6E4F /* RootView.swift */; };
		2347C56D2913780D00EB6E4F /* Assets.xcassets in Resources */ = {isa = PBXBuildFile; fileRef = 2347C56C2913780D00EB6E4F /* Assets.xcassets */; };
		2347C5702913780D00EB6E4F /* Preview Assets.xcassets in Resources */ = {isa = PBXBuildFile; fileRef = 2347C56F2913780D00EB6E4F /* Preview Assets.xcassets */; };
		239C61D329151AAD00AEA837 /* LoginView.swift in Sources */ = {isa = PBXBuildFile; fileRef = 239C61D229151AAD00AEA837 /* LoginView.swift */; };
		239C61D529151AB600AEA837 /* LoginViewModel.swift in Sources */ = {isa = PBXBuildFile; fileRef = 239C61D429151AB600AEA837 /* LoginViewModel.swift */; };
		239C61D729151AC200AEA837 /* HomeView.swift in Sources */ = {isa = PBXBuildFile; fileRef = 239C61D629151AC200AEA837 /* HomeView.swift */; };
		239C61D929151ACC00AEA837 /* HomeViewModel.swift in Sources */ = {isa = PBXBuildFile; fileRef = 239C61D829151ACC00AEA837 /* HomeViewModel.swift */; };
/* End PBXBuildFile section */

/* Begin PBXFileReference section */
		2347C5652913780C00EB6E4F /* StatusBoxSwiftUI.app */ = {isa = PBXFileReference; explicitFileType = wrapper.application; includeInIndex = 0; path = StatusBoxSwiftUI.app; sourceTree = BUILT_PRODUCTS_DIR; };
		2347C5682913780C00EB6E4F /* StatusBoxSwiftUIApp.swift */ = {isa = PBXFileReference; lastKnownFileType = sourcecode.swift; path = StatusBoxSwiftUIApp.swift; sourceTree = "<group>"; };
		2347C56A2913780C00EB6E4F /* RootView.swift */ = {isa = PBXFileReference; lastKnownFileType = sourcecode.swift; path = RootView.swift; sourceTree = "<group>"; };
		2347C56C2913780D00EB6E4F /* Assets.xcassets */ = {isa = PBXFileReference; lastKnownFileType = folder.assetcatalog; path = Assets.xcassets; sourceTree = "<group>"; };
		2347C56F2913780D00EB6E4F /* Preview Assets.xcassets */ = {isa = PBXFileReference; lastKnownFileType = folder.assetcatalog; path = "Preview Assets.xcassets"; sourceTree = "<group>"; };
		2347C5762913781800EB6E4F /* README.md */ = {isa = PBXFileReference; lastKnownFileType = net.daringfireball.markdown; path = README.md; sourceTree = "<group>"; };
		239C61D229151AAD00AEA837 /* LoginView.swift */ = {isa = PBXFileReference; lastKnownFileType = sourcecode.swift; path = LoginView.swift; sourceTree = "<group>"; };
		239C61D429151AB600AEA837 /* LoginViewModel.swift */ = {isa = PBXFileReference; lastKnownFileType = sourcecode.swift; path = LoginViewModel.swift; sourceTree = "<group>"; };
		239C61D629151AC200AEA837 /* HomeView.swift */ = {isa = PBXFileReference; lastKnownFileType = sourcecode.swift; path = HomeView.swift; sourceTree = "<group>"; };
		239C61D829151ACC00AEA837 /* HomeViewModel.swift */ = {isa = PBXFileReference; lastKnownFileType = sourcecode.swift; path = HomeViewModel.swift; sourceTree = "<group>"; };
/* End PBXFileReference section */

/* Begin PBXFrameworksBuildPhase section */
		2347C5622913780C00EB6E4F /* Frameworks */ = {
			isa = PBXFrameworksBuildPhase;
			buildActionMask = 2147483647;
			files = (
			);
			runOnlyForDeploymentPostprocessing = 0;
		};
/* End PBXFrameworksBuildPhase section */

/* Begin PBXGroup section */
		2347C55C2913780C00EB6E4F = {
			isa = PBXGroup;
			children = (
				2347C5762913781800EB6E4F /* README.md */,
				2347C5672913780C00EB6E4F /* StatusBoxSwiftUI */,
				2347C5662913780C00EB6E4F /* Products */,
			);
			sourceTree = "<group>";
		};
		2347C5662913780C00EB6E4F /* Products */ = {
			isa = PBXGroup;
			children = (
				2347C5652913780C00EB6E4F /* StatusBoxSwiftUI.app */,
			);
			name = Products;
			sourceTree = "<group>";
		};
		2347C5672913780C00EB6E4F /* StatusBoxSwiftUI */ = {
			isa = PBXGroup;
			children = (
				239C61C4291519C300AEA837 /* App */,
				239C61C5291519CC00AEA837 /* Domain */,
				239C61C829151A0200AEA837 /* UI */,
				239C61C7291519F800AEA837 /* Resources */,
				2347C56E2913780D00EB6E4F /* Preview Content */,
			);
			path = StatusBoxSwiftUI;
			sourceTree = "<group>";
		};
		2347C56E2913780D00EB6E4F /* Preview Content */ = {
			isa = PBXGroup;
			children = (
				2347C56F2913780D00EB6E4F /* Preview Assets.xcassets */,
			);
			path = "Preview Content";
			sourceTree = "<group>";
		};
		239C61C4291519C300AEA837 /* App */ = {
			isa = PBXGroup;
			children = (
				2347C5682913780C00EB6E4F /* StatusBoxSwiftUIApp.swift */,
			);
			path = App;
			sourceTree = "<group>";
		};
		239C61C5291519CC00AEA837 /* Domain */ = {
			isa = PBXGroup;
			children = (
				239C61C6291519D200AEA837 /* Models */,
			);
			path = Domain;
			sourceTree = "<group>";
		};
		239C61C6291519D200AEA837 /* Models */ = {
			isa = PBXGroup;
			children = (
			);
			path = Models;
			sourceTree = "<group>";
		};
		239C61C7291519F800AEA837 /* Resources */ = {
			isa = PBXGroup;
			children = (
				2347C56C2913780D00EB6E4F /* Assets.xcassets */,
			);
			path = Resources;
			sourceTree = "<group>";
		};
		239C61C829151A0200AEA837 /* UI */ = {
			isa = PBXGroup;
			children = (
				239C61C929151A0600AEA837 /* Root */,
				239C61CC29151A2400AEA837 /* LoginView */,
				239C61CD29151A2D00AEA837 /* HomeView */,
			);
			path = UI;
			sourceTree = "<group>";
		};
		239C61C929151A0600AEA837 /* Root */ = {
			isa = PBXGroup;
			children = (
				239C61CA29151A1100AEA837 /* Views */,
				239C61CB29151A1800AEA837 /* ViewModels */,
			);
			path = Root;
			sourceTree = "<group>";
		};
		239C61CA29151A1100AEA837 /* Views */ = {
			isa = PBXGroup;
			children = (
			);
			path = Views;
			sourceTree = "<group>";
		};
		239C61CB29151A1800AEA837 /* ViewModels */ = {
			isa = PBXGroup;
			children = (
				2347C56A2913780C00EB6E4F /* RootView.swift */,
			);
			path = ViewModels;
			sourceTree = "<group>";
		};
		239C61CC29151A2400AEA837 /* LoginView */ = {
			isa = PBXGroup;
			children = (
				239C61D029151A5100AEA837 /* Views */,
				239C61D129151A8500AEA837 /* ViewModels */,
			);
			path = LoginView;
			sourceTree = "<group>";
		};
		239C61CD29151A2D00AEA837 /* HomeView */ = {
			isa = PBXGroup;
			children = (
				239C61CE29151A3700AEA837 /* Views */,
				239C61CF29151A3E00AEA837 /* ViewModels */,
			);
			path = HomeView;
			sourceTree = "<group>";
		};
		239C61CE29151A3700AEA837 /* Views */ = {
			isa = PBXGroup;
			children = (
				239C61D629151AC200AEA837 /* HomeView.swift */,
			);
			path = Views;
			sourceTree = "<group>";
		};
		239C61CF29151A3E00AEA837 /* ViewModels */ = {
			isa = PBXGroup;
			children = (
				239C61D829151ACC00AEA837 /* HomeViewModel.swift */,
			);
			path = ViewModels;
			sourceTree = "<group>";
		};
		239C61D029151A5100AEA837 /* Views */ = {
			isa = PBXGroup;
			children = (
				239C61D229151AAD00AEA837 /* LoginView.swift */,
			);
			path = Views;
			sourceTree = "<group>";
		};
		239C61D129151A8500AEA837 /* ViewModels */ = {
			isa = PBXGroup;
			children = (
				239C61D429151AB600AEA837 /* LoginViewModel.swift */,
			);
			path = ViewModels;
			sourceTree = "<group>";
		};
/* End PBXGroup section */

/* Begin PBXNativeTarget section */
		2347C5642913780C00EB6E4F /* StatusBoxSwiftUI */ = {
			isa = PBXNativeTarget;
			buildConfigurationList = 2347C5732913780D00EB6E4F /* Build configuration list for PBXNativeTarget "StatusBoxSwiftUI" */;
			buildPhases = (
				2347C5612913780C00EB6E4F /* Sources */,
				2347C5622913780C00EB6E4F /* Frameworks */,
				2347C5632913780C00EB6E4F /* Resources */,
			);
			buildRules = (
			);
			dependencies = (
			);
			name = StatusBoxSwiftUI;
			productName = StatusBoxSwiftUI;
			productReference = 2347C5652913780C00EB6E4F /* StatusBoxSwiftUI.app */;
			productType = "com.apple.product-type.application";
		};
/* End PBXNativeTarget section */

/* Begin PBXProject section */
		2347C55D2913780C00EB6E4F /* Project object */ = {
			isa = PBXProject;
			attributes = {
				BuildIndependentTargetsInParallel = 1;
				LastSwiftUpdateCheck = 1410;
				LastUpgradeCheck = 1410;
				TargetAttributes = {
					2347C5642913780C00EB6E4F = {
						CreatedOnToolsVersion = 14.1;
					};
				};
			};
			buildConfigurationList = 2347C5602913780C00EB6E4F /* Build configuration list for PBXProject "StatusBoxSwiftUI" */;
			compatibilityVersion = "Xcode 14.0";
			developmentRegion = en;
			hasScannedForEncodings = 0;
			knownRegions = (
				en,
				Base,
			);
			mainGroup = 2347C55C2913780C00EB6E4F;
			productRefGroup = 2347C5662913780C00EB6E4F /* Products */;
			projectDirPath = "";
			projectRoot = "";
			targets = (
				2347C5642913780C00EB6E4F /* StatusBoxSwiftUI */,
			);
		};
/* End PBXProject section */

/* Begin PBXResourcesBuildPhase section */
		2347C5632913780C00EB6E4F /* Resources */ = {
			isa = PBXResourcesBuildPhase;
			buildActionMask = 2147483647;
			files = (
				2347C5702913780D00EB6E4F /* Preview Assets.xcassets in Resources */,
				2347C56D2913780D00EB6E4F /* Assets.xcassets in Resources */,
			);
			runOnlyForDeploymentPostprocessing = 0;
		};
/* End PBXResourcesBuildPhase section */

/* Begin PBXSourcesBuildPhase section */
		2347C5612913780C00EB6E4F /* Sources */ = {
			isa = PBXSourcesBuildPhase;
			buildActionMask = 2147483647;
			files = (
				239C61D529151AB600AEA837 /* LoginViewModel.swift in Sources */,
				239C61D929151ACC00AEA837 /* HomeViewModel.swift in Sources */,
				239C61D329151AAD00AEA837 /* LoginView.swift in Sources */,
				2347C56B2913780C00EB6E4F /* RootView.swift in Sources */,
				239C61D729151AC200AEA837 /* HomeView.swift in Sources */,
				2347C5692913780C00EB6E4F /* StatusBoxSwiftUIApp.swift in Sources */,
			);
			runOnlyForDeploymentPostprocessing = 0;
		};
/* End PBXSourcesBuildPhase section */

/* Begin XCBuildConfiguration section */
		2347C5712913780D00EB6E4F /* Debug */ = {
			isa = XCBuildConfiguration;
			buildSettings = {
				ALWAYS_SEARCH_USER_PATHS = NO;
				CLANG_ANALYZER_NONNULL = YES;
				CLANG_ANALYZER_NUMBER_OBJECT_CONVERSION = YES_AGGRESSIVE;
				CLANG_CXX_LANGUAGE_STANDARD = "gnu++20";
				CLANG_ENABLE_MODULES = YES;
				CLANG_ENABLE_OBJC_ARC = YES;
				CLANG_ENABLE_OBJC_WEAK = YES;
				CLANG_WARN_BLOCK_CAPTURE_AUTORELEASING = YES;
				CLANG_WARN_BOOL_CONVERSION = YES;
				CLANG_WARN_COMMA = YES;
				CLANG_WARN_CONSTANT_CONVERSION = YES;
				CLANG_WARN_DEPRECATED_OBJC_IMPLEMENTATIONS = YES;
				CLANG_WARN_DIRECT_OBJC_ISA_USAGE = YES_ERROR;
				CLANG_WARN_DOCUMENTATION_COMMENTS = YES;
				CLANG_WARN_EMPTY_BODY = YES;
				CLANG_WARN_ENUM_CONVERSION = YES;
				CLANG_WARN_INFINITE_RECURSION = YES;
				CLANG_WARN_INT_CONVERSION = YES;
				CLANG_WARN_NON_LITERAL_NULL_CONVERSION = YES;
				CLANG_WARN_OBJC_IMPLICIT_RETAIN_SELF = YES;
				CLANG_WARN_OBJC_LITERAL_CONVERSION = YES;
				CLANG_WARN_OBJC_ROOT_CLASS = YES_ERROR;
				CLANG_WARN_QUOTED_INCLUDE_IN_FRAMEWORK_HEADER = YES;
				CLANG_WARN_RANGE_LOOP_ANALYSIS = YES;
				CLANG_WARN_STRICT_PROTOTYPES = YES;
				CLANG_WARN_SUSPICIOUS_MOVE = YES;
				CLANG_WARN_UNGUARDED_AVAILABILITY = YES_AGGRESSIVE;
				CLANG_WARN_UNREACHABLE_CODE = YES;
				CLANG_WARN__DUPLICATE_METHOD_MATCH = YES;
				COPY_PHASE_STRIP = NO;
				DEBUG_INFORMATION_FORMAT = dwarf;
				ENABLE_STRICT_OBJC_MSGSEND = YES;
				ENABLE_TESTABILITY = YES;
				GCC_C_LANGUAGE_STANDARD = gnu11;
				GCC_DYNAMIC_NO_PIC = NO;
				GCC_NO_COMMON_BLOCKS = YES;
				GCC_OPTIMIZATION_LEVEL = 0;
				GCC_PREPROCESSOR_DEFINITIONS = (
					"DEBUG=1",
					"$(inherited)",
				);
				GCC_WARN_64_TO_32_BIT_CONVERSION = YES;
				GCC_WARN_ABOUT_RETURN_TYPE = YES_ERROR;
				GCC_WARN_UNDECLARED_SELECTOR = YES;
				GCC_WARN_UNINITIALIZED_AUTOS = YES_AGGRESSIVE;
				GCC_WARN_UNUSED_FUNCTION = YES;
				GCC_WARN_UNUSED_VARIABLE = YES;
				IPHONEOS_DEPLOYMENT_TARGET = 16.1;
				MTL_ENABLE_DEBUG_INFO = INCLUDE_SOURCE;
				MTL_FAST_MATH = YES;
				ONLY_ACTIVE_ARCH = YES;
				SDKROOT = iphoneos;
				SWIFT_ACTIVE_COMPILATION_CONDITIONS = DEBUG;
				SWIFT_OPTIMIZATION_LEVEL = "-Onone";
			};
			name = Debug;
		};
		2347C5722913780D00EB6E4F /* Release */ = {
			isa = XCBuildConfiguration;
			buildSettings = {
				ALWAYS_SEARCH_USER_PATHS = NO;
				CLANG_ANALYZER_NONNULL = YES;
				CLANG_ANALYZER_NUMBER_OBJECT_CONVERSION = YES_AGGRESSIVE;
				CLANG_CXX_LANGUAGE_STANDARD = "gnu++20";
				CLANG_ENABLE_MODULES = YES;
				CLANG_ENABLE_OBJC_ARC = YES;
				CLANG_ENABLE_OBJC_WEAK = YES;
				CLANG_WARN_BLOCK_CAPTURE_AUTORELEASING = YES;
				CLANG_WARN_BOOL_CONVERSION = YES;
				CLANG_WARN_COMMA = YES;
				CLANG_WARN_CONSTANT_CONVERSION = YES;
				CLANG_WARN_DEPRECATED_OBJC_IMPLEMENTATIONS = YES;
				CLANG_WARN_DIRECT_OBJC_ISA_USAGE = YES_ERROR;
				CLANG_WARN_DOCUMENTATION_COMMENTS = YES;
				CLANG_WARN_EMPTY_BODY = YES;
				CLANG_WARN_ENUM_CONVERSION = YES;
				CLANG_WARN_INFINITE_RECURSION = YES;
				CLANG_WARN_INT_CONVERSION = YES;
				CLANG_WARN_NON_LITERAL_NULL_CONVERSION = YES;
				CLANG_WARN_OBJC_IMPLICIT_RETAIN_SELF = YES;
				CLANG_WARN_OBJC_LITERAL_CONVERSION = YES;
				CLANG_WARN_OBJC_ROOT_CLASS = YES_ERROR;
				CLANG_WARN_QUOTED_INCLUDE_IN_FRAMEWORK_HEADER = YES;
				CLANG_WARN_RANGE_LOOP_ANALYSIS = YES;
				CLANG_WARN_STRICT_PROTOTYPES = YES;
				CLANG_WARN_SUSPICIOUS_MOVE = YES;
				CLANG_WARN_UNGUARDED_AVAILABILITY = YES_AGGRESSIVE;
				CLANG_WARN_UNREACHABLE_CODE = YES;
				CLANG_WARN__DUPLICATE_METHOD_MATCH = YES;
				COPY_PHASE_STRIP = NO;
				DEBUG_INFORMATION_FORMAT = "dwarf-with-dsym";
				ENABLE_NS_ASSERTIONS = NO;
				ENABLE_STRICT_OBJC_MSGSEND = YES;
				GCC_C_LANGUAGE_STANDARD = gnu11;
				GCC_NO_COMMON_BLOCKS = YES;
				GCC_WARN_64_TO_32_BIT_CONVERSION = YES;
				GCC_WARN_ABOUT_RETURN_TYPE = YES_ERROR;
				GCC_WARN_UNDECLARED_SELECTOR = YES;
				GCC_WARN_UNINITIALIZED_AUTOS = YES_AGGRESSIVE;
				GCC_WARN_UNUSED_FUNCTION = YES;
				GCC_WARN_UNUSED_VARIABLE = YES;
				IPHONEOS_DEPLOYMENT_TARGET = 16.1;
				MTL_ENABLE_DEBUG_INFO = NO;
				MTL_FAST_MATH = YES;
				SDKROOT = iphoneos;
				SWIFT_COMPILATION_MODE = wholemodule;
				SWIFT_OPTIMIZATION_LEVEL = "-O";
				VALIDATE_PRODUCT = YES;
			};
			name = Release;
		};
		2347C5742913780D00EB6E4F /* Debug */ = {
			isa = XCBuildConfiguration;
			buildSettings = {
				ASSETCATALOG_COMPILER_APPICON_NAME = AppIcon;
				ASSETCATALOG_COMPILER_GLOBAL_ACCENT_COLOR_NAME = AccentColor;
				CODE_SIGN_STYLE = Automatic;
				CURRENT_PROJECT_VERSION = 1;
				DEVELOPMENT_ASSET_PATHS = "\"StatusBoxSwiftUI/Preview Content\"";
				ENABLE_PREVIEWS = YES;
				GENERATE_INFOPLIST_FILE = YES;
				INFOPLIST_KEY_UIApplicationSceneManifest_Generation = YES;
				INFOPLIST_KEY_UIApplicationSupportsIndirectInputEvents = YES;
				INFOPLIST_KEY_UILaunchScreen_Generation = YES;
				INFOPLIST_KEY_UISupportedInterfaceOrientations_iPad = "UIInterfaceOrientationPortrait UIInterfaceOrientationPortraitUpsideDown UIInterfaceOrientationLandscapeLeft UIInterfaceOrientationLandscapeRight";
				INFOPLIST_KEY_UISupportedInterfaceOrientations_iPhone = "UIInterfaceOrientationPortrait UIInterfaceOrientationLandscapeLeft UIInterfaceOrientationLandscapeRight";
				LD_RUNPATH_SEARCH_PATHS = (
					"$(inherited)",
					"@executable_path/Frameworks",
				);
				MARKETING_VERSION = 1.0;
				PRODUCT_BUNDLE_IDENTIFIER = com.robert.rs.StatusBoxSwiftUI;
				PRODUCT_NAME = "$(TARGET_NAME)";
				SWIFT_EMIT_LOC_STRINGS = YES;
				SWIFT_VERSION = 5.0;
				TARGETED_DEVICE_FAMILY = "1,2";
			};
			name = Debug;
		};
		2347C5752913780D00EB6E4F /* Release */ = {
			isa = XCBuildConfiguration;
			buildSettings = {
				ASSETCATALOG_COMPILER_APPICON_NAME = AppIcon;
				ASSETCATALOG_COMPILER_GLOBAL_ACCENT_COLOR_NAME = AccentColor;
				CODE_SIGN_STYLE = Automatic;
				CURRENT_PROJECT_VERSION = 1;
				DEVELOPMENT_ASSET_PATHS = "\"StatusBoxSwiftUI/Preview Content\"";
				ENABLE_PREVIEWS = YES;
				GENERATE_INFOPLIST_FILE = YES;
				INFOPLIST_KEY_UIApplicationSceneManifest_Generation = YES;
				INFOPLIST_KEY_UIApplicationSupportsIndirectInputEvents = YES;
				INFOPLIST_KEY_UILaunchScreen_Generation = YES;
				INFOPLIST_KEY_UISupportedInterfaceOrientations_iPad = "UIInterfaceOrientationPortrait UIInterfaceOrientationPortraitUpsideDown UIInterfaceOrientationLandscapeLeft UIInterfaceOrientationLandscapeRight";
				INFOPLIST_KEY_UISupportedInterfaceOrientations_iPhone = "UIInterfaceOrientationPortrait UIInterfaceOrientationLandscapeLeft UIInterfaceOrientationLandscapeRight";
				LD_RUNPATH_SEARCH_PATHS = (
					"$(inherited)",
					"@executable_path/Frameworks",
				);
				MARKETING_VERSION = 1.0;
				PRODUCT_BUNDLE_IDENTIFIER = com.robert.rs.StatusBoxSwiftUI;
				PRODUCT_NAME = "$(TARGET_NAME)";
				SWIFT_EMIT_LOC_STRINGS = YES;
				SWIFT_VERSION = 5.0;
				TARGETED_DEVICE_FAMILY = "1,2";
			};
			name = Release;
		};
/* End XCBuildConfiguration section */

/* Begin XCConfigurationList section */
		2347C5602913780C00EB6E4F /* Build configuration list for PBXProject "StatusBoxSwiftUI" */ = {
			isa = XCConfigurationList;
			buildConfigurations = (
				2347C5712913780D00EB6E4F /* Debug */,
				2347C5722913780D00EB6E4F /* Release */,
			);
			defaultConfigurationIsVisible = 0;
			defaultConfigurationName = Release;
		};
		2347C5732913780D00EB6E4F /* Build configuration list for PBXNativeTarget "StatusBoxSwiftUI" */ = {
			isa = XCConfigurationList;
			buildConfigurations = (
				2347C5742913780D00EB6E4F /* Debug */,
				2347C5752913780D00EB6E4F /* Release */,
			);
			defaultConfigurationIsVisible = 0;
			defaultConfigurationName = Release;
		};
/* End XCConfigurationList section */
	};
	rootObject = 2347C55D2913780C00EB6E4F /* Project object */;
}
